
Microsoft Visual Studio Solution File, Format Version 12.00
# Visual Studio Version 16
VisualStudioVersion = 16.0.29728.190
MinimumVisualStudioVersion = 10.0.40219.1
Project("{9A19103F-16F7-4668-BE54-9A1E7A4F7556}") = "LearnC", "LearnC\LearnC.csproj", "{24883681-065A-4592-A121-91875CBDFFC0}"
EndProject
Project("{9A19103F-16F7-4668-BE54-9A1E7A4F7556}") = "LearnC2", "LearnC2\LearnC2.csproj", "{190C48FF-77D2-443D-B15A-B483F555C428}"
EndProject
Project("{FAE04EC0-301F-11D3-BF4B-00C04F79EFBC}") = "LearnC3", "LearnC3\LearnC3.csproj", "{F18EA7BF-C30F-4E55-B5DD-32C4424F3BBF}"
EndProject
Global
	GlobalSection(SolutionConfigurationPlatforms) = preSolution
		Debug|Any CPU = Debug|Any CPU
		Release|Any CPU = Release|Any CPU
	EndGlobalSection
	GlobalSection(ProjectConfigurationPlatforms) = postSolution
		{24883681-065A-4592-A121-91875CBDFFC0}.Debug|Any CPU.ActiveCfg = Debug|Any CPU
		{24883681-065A-4592-A121-91875CBDFFC0}.Debug|Any CPU.Build.0 = Debug|Any CPU
		{24883681-065A-4592-A121-91875CBDFFC0}.Release|Any CPU.ActiveCfg = Release|Any CPU
		{24883681-065A-4592-A121-91875CBDFFC0}.Release|Any CPU.Build.0 = Release|Any CPU
		{190C48FF-77D2-443D-B15A-B483F555C428}.Debug|Any CPU.ActiveCfg = Debug|Any CPU
		{190C48FF-77D2-443D-B15A-B483F555C428}.Debug|Any CPU.Build.0 = Debug|Any CPU
		{190C48FF-77D2-443D-B15A-B483F555C428}.Release|Any CPU.ActiveCfg = Release|Any CPU
		{190C48FF-77D2-443D-B15A-B483F555C428}.Release|Any CPU.Build.0 = Release|Any CPU
		{F18EA7BF-C30F-4E55-B5DD-32C4424F3BBF}.Debug|Any CPU.ActiveCfg = Debug|Any CPU
		{F18EA7BF-C30F-4E55-B5DD-32C4424F3BBF}.Debug|Any CPU.Build.0 = Debug|Any CPU
		{F18EA7BF-C30F-4E55-B5DD-32C4424F3BBF}.Release|Any CPU.ActiveCfg = Release|Any CPU
		{F18EA7BF-C30F-4E55-B5DD-32C4424F3BBF}.Release|Any CPU.Build.0 = Release|Any CPU
	EndGlobalSection
	GlobalSection(SolutionProperties) = preSolution
		HideSolutionNode = FALSE
	EndGlobalSection
	GlobalSection(ExtensibilityGlobals) = postSolution
		SolutionGuid = {D3092350-7BB8-4D3F-BB1D-9690BAFD4C4E}
	EndGlobalSection
EndGlobal
