
Microsoft Visual Studio Solution File, Format Version 12.00
# Visual Studio Version 16
VisualStudioVersion = 16.0.29728.190
MinimumVisualStudioVersion = 10.0.40219.1
Project("{FAE04EC0-301F-11D3-BF4B-00C04F79EFBC}") = "WindowsFormsApp1", "WindowsFormsApp1\WindowsFormsApp1.csproj", "{F3994417-B0E7-4977-B85C-273354345F69}"
EndProject
Global
	GlobalSection(SolutionConfigurationPlatforms) = preSolution
		Debug|Any CPU = Debug|Any CPU
		Release|Any CPU = Release|Any CPU
	EndGlobalSection
	GlobalSection(ProjectConfigurationPlatforms) = postSolution
		{F3994417-B0E7-4977-B85C-273354345F69}.Debug|Any CPU.ActiveCfg = Debug|Any CPU
		{F3994417-B0E7-4977-B85C-273354345F69}.Debug|Any CPU.Build.0 = Debug|Any CPU
		{F3994417-B0E7-4977-B85C-273354345F69}.Release|Any CPU.ActiveCfg = Release|Any CPU
		{F3994417-B0E7-4977-B85C-273354345F69}.Release|Any CPU.Build.0 = Release|Any CPU
	EndGlobalSection
	GlobalSection(SolutionProperties) = preSolution
		HideSolutionNode = FALSE
	EndGlobalSection
	GlobalSection(ExtensibilityGlobals) = postSolution
		SolutionGuid = {BE9D0CFC-BC00-4300-8EAE-B3A49BE570EE}
	EndGlobalSection
EndGlobal
